
Microsoft Visual Studio Solution File, Format Version 12.00
# Visual Studio Version 17
VisualStudioVersion = 17.12.35527.113 d17.12
MinimumVisualStudioVersion = 10.0.40219.1
Project("{FAE04EC0-301F-11D3-BF4B-00C04F79EFBC}") = "RecruitmentTaskPromise", "RecruitmentTaskPromise\RecruitmentTaskPromise.csproj", "{E7240E1B-421A-4D0E-92EA-A1C8C81FB6CD}"
EndProject
Global
	GlobalSection(SolutionConfigurationPlatforms) = preSolution
		Debug|Any CPU = Debug|Any CPU
		Release|Any CPU = Release|Any CPU
	EndGlobalSection
	GlobalSection(ProjectConfigurationPlatforms) = postSolution
		{E7240E1B-421A-4D0E-92EA-A1C8C81FB6CD}.Debug|Any CPU.ActiveCfg = Debug|Any CPU
		{E7240E1B-421A-4D0E-92EA-A1C8C81FB6CD}.Debug|Any CPU.Build.0 = Debug|Any CPU
		{E7240E1B-421A-4D0E-92EA-A1C8C81FB6CD}.Release|Any CPU.ActiveCfg = Release|Any CPU
		{E7240E1B-421A-4D0E-92EA-A1C8C81FB6CD}.Release|Any CPU.Build.0 = Release|Any CPU
	EndGlobalSection
	GlobalSection(SolutionProperties) = preSolution
		HideSolutionNode = FALSE
	EndGlobalSection
EndGlobal
